
Microsoft Visual Studio Solution File, Format Version 12.00
# Visual Studio 15
VisualStudioVersion = 15.0.27004.2005
MinimumVisualStudioVersion = 10.0.40219.1
Project("{FAE04EC0-301F-11D3-BF4B-00C04F79EFBC}") = "ChecksummR", "ChecksummR\ChecksummR.csproj", "{BD95A2AE-06A6-4AB5-8D9F-7DA41DA67E53}"
EndProject
Global
	GlobalSection(SolutionConfigurationPlatforms) = preSolution
		Debug|Any CPU = Debug|Any CPU
		Release|Any CPU = Release|Any CPU
	EndGlobalSection
	GlobalSection(ProjectConfigurationPlatforms) = postSolution
		{BD95A2AE-06A6-4AB5-8D9F-7DA41DA67E53}.Debug|Any CPU.ActiveCfg = Debug|Any CPU
		{BD95A2AE-06A6-4AB5-8D9F-7DA41DA67E53}.Debug|Any CPU.Build.0 = Debug|Any CPU
		{BD95A2AE-06A6-4AB5-8D9F-7DA41DA67E53}.Release|Any CPU.ActiveCfg = Release|Any CPU
		{BD95A2AE-06A6-4AB5-8D9F-7DA41DA67E53}.Release|Any CPU.Build.0 = Release|Any CPU
	EndGlobalSection
	GlobalSection(SolutionProperties) = preSolution
		HideSolutionNode = FALSE
	EndGlobalSection
	GlobalSection(ExtensibilityGlobals) = postSolution
		SolutionGuid = {AE3B31FC-C0D4-48A0-92DC-3673447FB38B}
	EndGlobalSection
EndGlobal
